
Microsoft Visual Studio Solution File, Format Version 12.00
# Visual Studio Version 17
VisualStudioVersion = 17.8.34330.188
MinimumVisualStudioVersion = 10.0.40219.1
Project("{FAE04EC0-301F-11D3-BF4B-00C04F79EFBC}") = "docxTask", "docxTask\docxTask.csproj", "{A2771E26-36AA-4235-A894-6A0185A5F9AF}"
EndProject
Global
	GlobalSection(SolutionConfigurationPlatforms) = preSolution
		Debug|Any CPU = Debug|Any CPU
		Release|Any CPU = Release|Any CPU
	EndGlobalSection
	GlobalSection(ProjectConfigurationPlatforms) = postSolution
		{A2771E26-36AA-4235-A894-6A0185A5F9AF}.Debug|Any CPU.ActiveCfg = Debug|Any CPU
		{A2771E26-36AA-4235-A894-6A0185A5F9AF}.Debug|Any CPU.Build.0 = Debug|Any CPU
		{A2771E26-36AA-4235-A894-6A0185A5F9AF}.Release|Any CPU.ActiveCfg = Release|Any CPU
		{A2771E26-36AA-4235-A894-6A0185A5F9AF}.Release|Any CPU.Build.0 = Release|Any CPU
	EndGlobalSection
	GlobalSection(SolutionProperties) = preSolution
		HideSolutionNode = FALSE
	EndGlobalSection
	GlobalSection(ExtensibilityGlobals) = postSolution
		SolutionGuid = {2D000327-A2AB-4855-B199-741F828887C7}
	EndGlobalSection
EndGlobal
